
Microsoft Visual Studio Solution File, Format Version 12.00
# Visual Studio Version 17
VisualStudioVersion = 17.11.35327.3
MinimumVisualStudioVersion = 10.0.40219.1
Project("{2150E333-8FDC-42A3-9474-1A3956D46DE8}") = "src", "src", "{B87E16AA-D739-43F1-9C2A-B28E32809643}"
EndProject
Project("{2150E333-8FDC-42A3-9474-1A3956D46DE8}") = "Apps", "Apps", "{FBE4DDF0-D03D-4935-AB98-737931F45507}"
EndProject
Project("{9A19103F-16F7-4668-BE54-9A1E7A4F7556}") = "ApiRun", "ApiRun\ApiRun.csproj", "{3BDF0E88-DC10-48CD-99BA-EADBF6806367}"
EndProject
Project("{2150E333-8FDC-42A3-9474-1A3956D46DE8}") = "Common", "Common", "{F7A30F2D-B7E2-4344-A87B-9A1B85D1149E}"
EndProject
Project("{9A19103F-16F7-4668-BE54-9A1E7A4F7556}") = "Application", "Application\Application.csproj", "{374E1B08-77DD-4C54-A70A-FC8FE9D7DA21}"
EndProject
Project("{9A19103F-16F7-4668-BE54-9A1E7A4F7556}") = "Domain", "Domain\Domain.csproj", "{ED3BBF13-1C5F-4B88-8A9D-75FDADC9FE07}"
EndProject
Project("{9A19103F-16F7-4668-BE54-9A1E7A4F7556}") = "Infrastructure", "Infrastructure\Infrastructure.csproj", "{E8894698-E8C5-4AB6-9375-301A2A55FA84}"
EndProject
Project("{FAE04EC0-301F-11D3-BF4B-00C04F79EFBC}") = "Test", "Test\Test.csproj", "{E17C14D4-5C62-42E5-8C66-932D0882E772}"
EndProject
Global
	GlobalSection(SolutionConfigurationPlatforms) = preSolution
		Debug|Any CPU = Debug|Any CPU
		Release|Any CPU = Release|Any CPU
	EndGlobalSection
	GlobalSection(ProjectConfigurationPlatforms) = postSolution
		{3BDF0E88-DC10-48CD-99BA-EADBF6806367}.Debug|Any CPU.ActiveCfg = Debug|Any CPU
		{3BDF0E88-DC10-48CD-99BA-EADBF6806367}.Debug|Any CPU.Build.0 = Debug|Any CPU
		{3BDF0E88-DC10-48CD-99BA-EADBF6806367}.Release|Any CPU.ActiveCfg = Release|Any CPU
		{3BDF0E88-DC10-48CD-99BA-EADBF6806367}.Release|Any CPU.Build.0 = Release|Any CPU
		{374E1B08-77DD-4C54-A70A-FC8FE9D7DA21}.Debug|Any CPU.ActiveCfg = Debug|Any CPU
		{374E1B08-77DD-4C54-A70A-FC8FE9D7DA21}.Debug|Any CPU.Build.0 = Debug|Any CPU
		{374E1B08-77DD-4C54-A70A-FC8FE9D7DA21}.Release|Any CPU.ActiveCfg = Release|Any CPU
		{374E1B08-77DD-4C54-A70A-FC8FE9D7DA21}.Release|Any CPU.Build.0 = Release|Any CPU
		{ED3BBF13-1C5F-4B88-8A9D-75FDADC9FE07}.Debug|Any CPU.ActiveCfg = Debug|Any CPU
		{ED3BBF13-1C5F-4B88-8A9D-75FDADC9FE07}.Debug|Any CPU.Build.0 = Debug|Any CPU
		{ED3BBF13-1C5F-4B88-8A9D-75FDADC9FE07}.Release|Any CPU.ActiveCfg = Release|Any CPU
		{ED3BBF13-1C5F-4B88-8A9D-75FDADC9FE07}.Release|Any CPU.Build.0 = Release|Any CPU
		{E8894698-E8C5-4AB6-9375-301A2A55FA84}.Debug|Any CPU.ActiveCfg = Debug|Any CPU
		{E8894698-E8C5-4AB6-9375-301A2A55FA84}.Debug|Any CPU.Build.0 = Debug|Any CPU
		{E8894698-E8C5-4AB6-9375-301A2A55FA84}.Release|Any CPU.ActiveCfg = Release|Any CPU
		{E8894698-E8C5-4AB6-9375-301A2A55FA84}.Release|Any CPU.Build.0 = Release|Any CPU
		{E17C14D4-5C62-42E5-8C66-932D0882E772}.Debug|Any CPU.ActiveCfg = Debug|Any CPU
		{E17C14D4-5C62-42E5-8C66-932D0882E772}.Debug|Any CPU.Build.0 = Debug|Any CPU
		{E17C14D4-5C62-42E5-8C66-932D0882E772}.Release|Any CPU.ActiveCfg = Release|Any CPU
		{E17C14D4-5C62-42E5-8C66-932D0882E772}.Release|Any CPU.Build.0 = Release|Any CPU
	EndGlobalSection
	GlobalSection(SolutionProperties) = preSolution
		HideSolutionNode = FALSE
	EndGlobalSection
	GlobalSection(NestedProjects) = preSolution
		{FBE4DDF0-D03D-4935-AB98-737931F45507} = {B87E16AA-D739-43F1-9C2A-B28E32809643}
		{3BDF0E88-DC10-48CD-99BA-EADBF6806367} = {FBE4DDF0-D03D-4935-AB98-737931F45507}
		{F7A30F2D-B7E2-4344-A87B-9A1B85D1149E} = {B87E16AA-D739-43F1-9C2A-B28E32809643}
		{374E1B08-77DD-4C54-A70A-FC8FE9D7DA21} = {F7A30F2D-B7E2-4344-A87B-9A1B85D1149E}
		{ED3BBF13-1C5F-4B88-8A9D-75FDADC9FE07} = {B87E16AA-D739-43F1-9C2A-B28E32809643}
		{E8894698-E8C5-4AB6-9375-301A2A55FA84} = {B87E16AA-D739-43F1-9C2A-B28E32809643}
		{E17C14D4-5C62-42E5-8C66-932D0882E772} = {B87E16AA-D739-43F1-9C2A-B28E32809643}
	EndGlobalSection
	GlobalSection(ExtensibilityGlobals) = postSolution
		SolutionGuid = {84EACE74-4608-4D5E-8277-9C03D3828D49}
	EndGlobalSection
EndGlobal
